
Microsoft Visual Studio Solution File, Format Version 12.00
# Visual Studio 14
VisualStudioVersion = 14.0.23107.0
MinimumVisualStudioVersion = 10.0.40219.1
Project("{FAE04EC0-301F-11D3-BF4B-00C04F79EFBC}") = "RoboLib", "RoboLib\RoboLib.csproj", "{5FE26712-1116-49DE-9C67-08CB9A7FF74D}"
EndProject
Project("{FAE04EC0-301F-11D3-BF4B-00C04F79EFBC}") = "RoboLibTest", "RoboLibTest\RoboLibTest.csproj", "{950617D4-1EC2-4085-97D4-893AFC4AFF26}"
EndProject
Global
	GlobalSection(SolutionConfigurationPlatforms) = preSolution
		Debug|Any CPU = Debug|Any CPU
		Release|Any CPU = Release|Any CPU
	EndGlobalSection
	GlobalSection(ProjectConfigurationPlatforms) = postSolution
		{5FE26712-1116-49DE-9C67-08CB9A7FF74D}.Debug|Any CPU.ActiveCfg = Debug|Any CPU
		{5FE26712-1116-49DE-9C67-08CB9A7FF74D}.Debug|Any CPU.Build.0 = Debug|Any CPU
		{5FE26712-1116-49DE-9C67-08CB9A7FF74D}.Release|Any CPU.ActiveCfg = Release|Any CPU
		{5FE26712-1116-49DE-9C67-08CB9A7FF74D}.Release|Any CPU.Build.0 = Release|Any CPU
		{950617D4-1EC2-4085-97D4-893AFC4AFF26}.Debug|Any CPU.ActiveCfg = Debug|Any CPU
		{950617D4-1EC2-4085-97D4-893AFC4AFF26}.Debug|Any CPU.Build.0 = Debug|Any CPU
		{950617D4-1EC2-4085-97D4-893AFC4AFF26}.Release|Any CPU.ActiveCfg = Release|Any CPU
		{950617D4-1EC2-4085-97D4-893AFC4AFF26}.Release|Any CPU.Build.0 = Release|Any CPU
	EndGlobalSection
	GlobalSection(SolutionProperties) = preSolution
		HideSolutionNode = FALSE
	EndGlobalSection
EndGlobal
